github.com/davecgh/go-spew v1.1.1 h1:vj9j/u1bqnvCEfJOwUhtlOARqs3+rkHYY13jYWTU97c=
github.com/davecgh/go-spew v1.1.1/go.mod h1:J7Y8YcW2NihsgmVo/mv3lAwl/skON4iLHjSsI+c5H38=
github.com/galdor/go-log v0.0.0-20231116135458-c8a467cfb388 h1:mhSk1OIYX9AOp+pbOOcln7G2zlgQES+fO+0OptBGXEM=
github.com/galdor/go-log v0.0.0-20231116135458-c8a467cfb388/go.mod h1:R6YFiHlngxF96nawrfe/P2/lBiv2lTZJHdy+HCF6idk=
github.com/galdor/go-program v0.0.0-20230403162644-22adfbe9fbab h1:czJoR/JfIjVSCadg2h9Br4AmcdWfwfbgeArAJKTdWMY=
github.com/galdor/go-program v0.0.0-20230403162644-22adfbe9fbab/go.mod h1:KnVdVzlic6wXk1wARM0MRJ2xviiZKgNA02bBjb8yTtc=
github.com/pmezard/go-difflib v1.0.0 h1:4DBwDE0NGyQoBHbLQYPwSUPoCMWR5BEzIk/f1lZbAQM=
github.com/pmezard/go-difflib v1.0.0/go.mod h1:iKH77koFhYxTK1pcRnkKkqfTogsbg7gZNVY4sRDYZ/4=
github.com/stretchr/testify v1.8.3 h1:RP3t2pwF7cMEbC1dqtB6poj3niw/9gnV4Cjg5oW5gtY=
github.com/stretchr/testify v1.8.3/go.mod h1:sz/lmYIOXD/1dqDmKjjqLyZ2RngseejIcXlSw2iwfAo=
golang.org/x/exp v0.0.0-20240318143956-a85f2c67cd81 h1:6R2FC06FonbXQ8pK11/PDFY6N6LWlf9KlzibaCapmqc=
golang.org/x/exp v0.0.0-20240318143956-a85f2c67cd81/go.mod h1:CQ1k9gNrJ50XIzaKCRR2hssIjF07kZFEiieALBM/ARQ=
gopkg.in/yaml.v3 v3.0.1 h1:fxVm/GzAzEWqLHuvctI91KS9hhNmmWOoWu0XTYJS7CA=
gopkg.in/yaml.v3 v3.0.1/go.mod h1:K4uyk7z7BCEPqu6E+C64Yfv1cQ7kz7rIZviUmN+EgEM=
