github.com/davecgh/go-spew v1.1.1 h1:vj9j/u1bqnvCEfJOwUhtlOARqs3+rkHYY13jYWTU97c=
github.com/davecgh/go-spew v1.1.1/go.mod h1:J7Y8YcW2NihsgmVo/mv3lAwl/skON4iLHjSsI+c5H38=
github.com/galdor/go-ejson v0.0.0-20240405095552-5d567fc5a35a h1:JoRhi2l5RnW7n5jCTw0xxuqKR1hQ7+/Z1GrBVgRQVLA=
github.com/galdor/go-ejson v0.0.0-20240405095552-5d567fc5a35a/go.mod h1:UjFWag8YC+hQOHLuJv/CRcjLvO83oI8bO0ZaZhCL6QY=
github.com/galdor/go-log v0.0.0-20231116135458-c8a467cfb388 h1:mhSk1OIYX9AOp+pbOOcln7G2zlgQES+fO+0OptBGXEM=
github.com/galdor/go-log v0.0.0-20231116135458-c8a467cfb388/go.mod h1:R6YFiHlngxF96nawrfe/P2/lBiv2lTZJHdy+HCF6idk=
github.com/galdor/go-program v0.0.0-20230403162644-22adfbe9fbab h1:czJoR/JfIjVSCadg2h9Br4AmcdWfwfbgeArAJKTdWMY=
github.com/galdor/go-program v0.0.0-20230403162644-22adfbe9fbab/go.mod h1:KnVdVzlic6wXk1wARM0MRJ2xviiZKgNA02bBjb8yTtc=
github.com/galdor/go-uuid v0.0.0-20230418134831-d236b757febe h1:4SrWA+SCJDlEsbsfdvKdxlsVYMfzmyBJdMHXDkLRGiE=
github.com/galdor/go-uuid v0.0.0-20230418134831-d236b757febe/go.mod h1:IsTvYf6zc1cSS4IzlFOuBSP4preSKoB73uGgx98kMjg=
github.com/pmezard/go-difflib v1.0.0 h1:4DBwDE0NGyQoBHbLQYPwSUPoCMWR5BEzIk/f1lZbAQM=
github.com/pmezard/go-difflib v1.0.0/go.mod h1:iKH77koFhYxTK1pcRnkKkqfTogsbg7gZNVY4sRDYZ/4=
github.com/stretchr/testify v1.8.3 h1:RP3t2pwF7cMEbC1dqtB6poj3niw/9gnV4Cjg5oW5gtY=
github.com/stretchr/testify v1.8.3/go.mod h1:sz/lmYIOXD/1dqDmKjjqLyZ2RngseejIcXlSw2iwfAo=
golang.org/x/exp v0.0.0-20240318143956-a85f2c67cd81 h1:6R2FC06FonbXQ8pK11/PDFY6N6LWlf9KlzibaCapmqc=
golang.org/x/exp v0.0.0-20240318143956-a85f2c67cd81/go.mod h1:CQ1k9gNrJ50XIzaKCRR2hssIjF07kZFEiieALBM/ARQ=
gopkg.in/check.v1 v0.0.0-20161208181325-20d25e280405/go.mod h1:Co6ibVJAznAaIkqp8huTwlJQCZ016jof/cbN4VW5Yz0=
gopkg.in/yaml.v3 v3.0.1 h1:fxVm/GzAzEWqLHuvctI91KS9hhNmmWOoWu0XTYJS7CA=
gopkg.in/yaml.v3 v3.0.1/go.mod h1:K4uyk7z7BCEPqu6E+C64Yfv1cQ7kz7rIZviUmN+EgEM=
